<?xml version="1.0" encoding="utf-8"?>
<Project ToolsVersion="4.0" xmlns="http://schemas.microsoft.com/developer/msbuild/2003">
  <ItemGroup>
    <Filter Include="Source Files">
      <UniqueIdentifier>{4FC737F1-C7A5-4376-A066-2A32D752A2FF}</UniqueIdentifier>
      <Extensions>cpp;c;cc;cxx;c++;cppm;ixx;def;odl;idl;hpj;bat;asm;asmx</Extensions>
    </Filter>
    <Filter Include="Resource Files">
      <UniqueIdentifier>{67DA6AB6-F800-4c08-8B7A-83BB121AAD01}</UniqueIdentifier>
      <Extensions>rc;ico;cur;bmp;dlg;rc2;rct;bin;rgs;gif;jpg;jpeg;jpe;resx;tiff;tif;png;wav;mfcribbon-ms</Extensions>
    </Filter>
    <Filter Include="Source Files\PDF Creation">
      <UniqueIdentifier>{d9ea852d-2ab3-4b0b-aa0c-db6659bf61d7}</UniqueIdentifier>
    </Filter>
    <Filter Include="Source Files\DataBase">
      <UniqueIdentifier>{b145a351-956c-4b8d-900e-ce74494987f0}</UniqueIdentifier>
    </Filter>
    <Filter Include="Source Files\Utility">
      <UniqueIdentifier>{000206c1-2cd0-4782-8095-48e93dd266db}</UniqueIdentifier>
    </Filter>
    <Filter Include="Source Files\Global variables">
      <UniqueIdentifier>{d5e9d4a7-972c-49dc-97f4-04050c19a42d}</UniqueIdentifier>
    </Filter>
    <Filter Include="GUI">
      <UniqueIdentifier>{f40eed41-cb2b-4292-8ac4-d69bb3602585}</UniqueIdentifier>
    </Filter>
    <Filter Include="GUI\Controls">
      <UniqueIdentifier>{2cd1714c-f0ed-428b-b1b3-2c4b1c7555f6}</UniqueIdentifier>
    </Filter>
    <Filter Include="GUI\Frames">
      <UniqueIdentifier>{24d93635-bd8f-4ad9-9054-177fe89fe306}</UniqueIdentifier>
    </Filter>
    <Filter Include="GUI\Frames\Headers">
      <UniqueIdentifier>{83d9746c-bffa-4408-8fdb-080400103a44}</UniqueIdentifier>
    </Filter>
    <Filter Include="GUI\Frames\Source">
      <UniqueIdentifier>{5934b323-13ce-4c2e-bfc8-ca730cb9ce3d}</UniqueIdentifier>
    </Filter>
    <Filter Include="GUI\Controls\Headers">
      <UniqueIdentifier>{4e80afcd-242f-4576-acf9-e6f5f0d0427f}</UniqueIdentifier>
    </Filter>
    <Filter Include="GUI\Controls\Soruce">
      <UniqueIdentifier>{2e0419a7-1cec-4bc9-b4dc-47046b1646b1}</UniqueIdentifier>
    </Filter>
    <Filter Include="Source Files\PDF Creation\Headers">
      <UniqueIdentifier>{6a694438-0089-4c41-972d-cbe80508c7e2}</UniqueIdentifier>
    </Filter>
    <Filter Include="Source Files\PDF Creation\Source">
      <UniqueIdentifier>{66aa5362-66c4-442a-923f-760a9f321c5a}</UniqueIdentifier>
    </Filter>
  </ItemGroup>
  <ItemGroup>
    <ClInclude Include="Utility.h">
      <Filter>Source Files\Utility</Filter>
    </ClInclude>
    <ClInclude Include="resource.h">
      <Filter>Resource Files</Filter>
    </ClInclude>
    <ClInclude Include="DBMain.h">
      <Filter>Source Files\DataBase</Filter>
    </ClInclude>
    <ClInclude Include="DMColumnEnums.h">
      <Filter>Source Files\DataBase</Filter>
    </ClInclude>
    <ClInclude Include="Structs.h">
      <Filter>Source Files\DataBase</Filter>
    </ClInclude>
    <ClInclude Include="GUI_parameters.h">
      <Filter>Source Files\Global variables</Filter>
    </ClInclude>
    <ClInclude Include="ColSelectDialog.h">
      <Filter>GUI\Frames\Headers</Filter>
    </ClInclude>
    <ClInclude Include="Add_panel.h">
      <Filter>GUI\Frames\Headers</Filter>
    </ClInclude>
    <ClInclude Include="cApp.h">
      <Filter>GUI\Frames\Headers</Filter>
    </ClInclude>
    <ClInclude Include="cMain.h">
      <Filter>GUI\Frames\Headers</Filter>
    </ClInclude>
    <ClInclude Include="cMainListEditDialog.h">
      <Filter>GUI\Frames\Headers</Filter>
    </ClInclude>
    <ClInclude Include="cMenuAddDialog.h">
      <Filter>GUI\Frames\Headers</Filter>
    </ClInclude>
    <ClInclude Include="VirtualListCtrl.h">
      <Filter>GUI\Controls\Headers</Filter>
    </ClInclude>
    <ClInclude Include="MaterialButton.h">
      <Filter>GUI\Controls\Headers</Filter>
    </ClInclude>
    <ClInclude Include="MainMenuTabButton.h">
      <Filter>GUI\Controls\Headers</Filter>
    </ClInclude>
    <ClInclude Include="itemdata.h">
      <Filter>GUI\Controls\Headers</Filter>
    </ClInclude>
    <ClInclude Include="CustomCheckBox.h">
      <Filter>GUI\Controls\Headers</Filter>
    </ClInclude>
    <ClInclude Include="PDF_Helper.h">
      <Filter>Source Files\PDF Creation\Headers</Filter>
    </ClInclude>
    <ClInclude Include="PDF_Journal.h">
      <Filter>Source Files\PDF Creation\Headers</Filter>
    </ClInclude>
    <ClInclude Include="PDF_Main.h">
      <Filter>Source Files\PDF Creation\Headers</Filter>
    </ClInclude>
    <ClInclude Include="PDF_Pod9.h">
      <Filter>Source Files\PDF Creation\Headers</Filter>
    </ClInclude>
    <ClInclude Include="PDF_Pod10.h">
      <Filter>Source Files\PDF Creation\Headers</Filter>
    </ClInclude>
    <ClInclude Include="myDirPicker.h">
      <Filter>GUI\Controls\Headers</Filter>
    </ClInclude>
  </ItemGroup>
  <ItemGroup>
    <ClCompile Include="DBMain.cpp">
      <Filter>Source Files\DataBase</Filter>
    </ClCompile>
    <ClCompile Include="Utility.cpp">
      <Filter>Source Files\Utility</Filter>
    </ClCompile>
    <ClCompile Include="Add_panel.cpp">
      <Filter>GUI\Frames\Source</Filter>
    </ClCompile>
    <ClCompile Include="cApp.cpp">
      <Filter>GUI\Frames\Source</Filter>
    </ClCompile>
    <ClCompile Include="cMain.cpp">
      <Filter>GUI\Frames\Source</Filter>
    </ClCompile>
    <ClCompile Include="cMainListEditDialog.cpp">
      <Filter>GUI\Frames\Source</Filter>
    </ClCompile>
    <ClCompile Include="cMenuAddDialog.cpp">
      <Filter>GUI\Frames\Source</Filter>
    </ClCompile>
    <ClCompile Include="ColSelectDialog.cpp">
      <Filter>GUI\Frames\Source</Filter>
    </ClCompile>
    <ClCompile Include="VirtualListCtrl.cpp">
      <Filter>GUI\Controls\Soruce</Filter>
    </ClCompile>
    <ClCompile Include="CustomCheckBox.cpp">
      <Filter>GUI\Controls\Soruce</Filter>
    </ClCompile>
    <ClCompile Include="MainMenuTabButton.cpp">
      <Filter>GUI\Controls\Soruce</Filter>
    </ClCompile>
    <ClCompile Include="MaterialButton.cpp">
      <Filter>GUI\Controls\Soruce</Filter>
    </ClCompile>
    <ClCompile Include="PDF_Helper.cpp">
      <Filter>Source Files\PDF Creation\Source</Filter>
    </ClCompile>
    <ClCompile Include="PDF_Journal.cpp">
      <Filter>Source Files\PDF Creation\Source</Filter>
    </ClCompile>
    <ClCompile Include="PDF_Main.cpp">
      <Filter>Source Files\PDF Creation\Source</Filter>
    </ClCompile>
    <ClCompile Include="PDF_Pod9.cpp">
      <Filter>Source Files\PDF Creation\Source</Filter>
    </ClCompile>
    <ClCompile Include="PDF_Pod10.cpp">
      <Filter>Source Files\PDF Creation\Source</Filter>
    </ClCompile>
    <ClCompile Include="myDirPicker.cpp">
      <Filter>GUI\Controls\Soruce</Filter>
    </ClCompile>
  </ItemGroup>
  <ItemGroup>
    <ResourceCompile Include="resource.rc">
      <Filter>Resource Files</Filter>
    </ResourceCompile>
  </ItemGroup>
  <ItemGroup>
    <None Include="rcdata1.bin">
      <Filter>Resource Files</Filter>
    </None>
  </ItemGroup>
  <ItemGroup>
    <Image Include="line_green.png">
      <Filter>Resource Files</Filter>
    </Image>
  </ItemGroup>
</Project>